{
  "name": "zrc",
  "lockfileVersion": 2,
  "requires": true,
  "packages": {
    "": {
      "dependencies": {
        "@zen-lang/hl7-fhir-uv-sdc": "^0.5.23"
      }
    },
    "node_modules/@zen-lang/hl7-fhir-r4-core": {
      "version": "0.5.23",
      "resolved": "https://registry.npmjs.org/@zen-lang/hl7-fhir-r4-core/-/hl7-fhir-r4-core-0.5.23.tgz",
      "integrity": "sha512-W93XCrChuKl0HG5EOWbSdn49FTAWY2EPpXFeUiJ8YIM3JCyG8Uz9Xri0D3Ncw0Isuv+d6tu9Dfr2o6mDaOzPTQ==",
      "dependencies": {
        "@zen-lang/zen.fhir": "0.5.21"
      }
    },
    "node_modules/@zen-lang/hl7-fhir-uv-sdc": {
      "version": "0.5.23",
      "resolved": "https://registry.npmjs.org/@zen-lang/hl7-fhir-uv-sdc/-/hl7-fhir-uv-sdc-0.5.23.tgz",
      "integrity": "sha512-TF4CsFyJu/myFAXyWZisBxbEHYS5Z7FmeiycBugSW7+sUbbiaog6RbwSEF8w3ec6pEGeHht6BzpWSYtpnSMX5w==",
      "dependencies": {
        "@zen-lang/hl7-fhir-r4-core": "0.5.23",
        "@zen-lang/zen.fhir": "0.5.21"
      }
    },
    "node_modules/@zen-lang/zen.fhir": {
      "version": "0.5.21",
      "resolved": "https://registry.npmjs.org/@zen-lang/zen.fhir/-/zen.fhir-0.5.21.tgz",
      "integrity": "sha512-Rlym2K+mVgHFeK3NFY6Xcl21t7p3bS3eCYVrJpzMWlqBOh7mhZPg5kKpqiD1YZVcmjmtnMZ4N74af+KEgbAtoQ=="
    }
  },
  "dependencies": {
    "@zen-lang/hl7-fhir-r4-core": {
      "version": "0.5.23",
      "resolved": "https://registry.npmjs.org/@zen-lang/hl7-fhir-r4-core/-/hl7-fhir-r4-core-0.5.23.tgz",
      "integrity": "sha512-W93XCrChuKl0HG5EOWbSdn49FTAWY2EPpXFeUiJ8YIM3JCyG8Uz9Xri0D3Ncw0Isuv+d6tu9Dfr2o6mDaOzPTQ==",
      "requires": {
        "@zen-lang/zen.fhir": "0.5.21"
      }
    },
    "@zen-lang/hl7-fhir-uv-sdc": {
      "version": "0.5.23",
      "resolved": "https://registry.npmjs.org/@zen-lang/hl7-fhir-uv-sdc/-/hl7-fhir-uv-sdc-0.5.23.tgz",
      "integrity": "sha512-TF4CsFyJu/myFAXyWZisBxbEHYS5Z7FmeiycBugSW7+sUbbiaog6RbwSEF8w3ec6pEGeHht6BzpWSYtpnSMX5w==",
      "requires": {
        "@zen-lang/hl7-fhir-r4-core": "0.5.23",
        "@zen-lang/zen.fhir": "0.5.21"
      }
    },
    "@zen-lang/zen.fhir": {
      "version": "0.5.21",
      "resolved": "https://registry.npmjs.org/@zen-lang/zen.fhir/-/zen.fhir-0.5.21.tgz",
      "integrity": "sha512-Rlym2K+mVgHFeK3NFY6Xcl21t7p3bS3eCYVrJpzMWlqBOh7mhZPg5kKpqiD1YZVcmjmtnMZ4N74af+KEgbAtoQ=="
    }
  }
}
