{
  "name": "zrc",
  "lockfileVersion": 2,
  "requires": true,
  "packages": {
    "": {
      "dependencies": {
        "@zen-lang/hl7-fhir-uv-sdc": "^0.5.25-1"
      }
    },
    "node_modules/@zen-lang/hl7-fhir-r4-core": {
      "version": "0.5.26",
      "resolved": "https://registry.npmjs.org/@zen-lang/hl7-fhir-r4-core/-/hl7-fhir-r4-core-0.5.26.tgz",
      "integrity": "sha512-vbSS5sFM+xLJ0ZU44ewcYBsp+LLbkoezsR4TJvJP9QTjoF7zZhnari+fksTkc2faP8NQpc58FP5srsgMRBAXGg==",
      "dependencies": {
        "@zen-lang/zen.fhir": "0.5.21"
      }
    },
    "node_modules/@zen-lang/hl7-fhir-uv-sdc": {
      "version": "0.5.26",
      "resolved": "https://registry.npmjs.org/@zen-lang/hl7-fhir-uv-sdc/-/hl7-fhir-uv-sdc-0.5.26.tgz",
      "integrity": "sha512-E+2gDWYxm5shvCKQ4x1HaL3EplaAi7sB/3fMe+yQu3sRDJT3ZdeSRlPzccV8Hab6JEEiCrMw16jkrCUyZ7o5YA==",
      "dependencies": {
        "@zen-lang/hl7-fhir-r4-core": "0.5.26",
        "@zen-lang/zen.fhir": "0.5.21"
      }
    },
    "node_modules/@zen-lang/zen.fhir": {
      "version": "0.5.21",
      "resolved": "https://registry.npmjs.org/@zen-lang/zen.fhir/-/zen.fhir-0.5.21.tgz",
      "integrity": "sha512-Rlym2K+mVgHFeK3NFY6Xcl21t7p3bS3eCYVrJpzMWlqBOh7mhZPg5kKpqiD1YZVcmjmtnMZ4N74af+KEgbAtoQ=="
    }
  },
  "dependencies": {
    "@zen-lang/hl7-fhir-r4-core": {
      "version": "0.5.26",
      "resolved": "https://registry.npmjs.org/@zen-lang/hl7-fhir-r4-core/-/hl7-fhir-r4-core-0.5.26.tgz",
      "integrity": "sha512-vbSS5sFM+xLJ0ZU44ewcYBsp+LLbkoezsR4TJvJP9QTjoF7zZhnari+fksTkc2faP8NQpc58FP5srsgMRBAXGg==",
      "requires": {
        "@zen-lang/zen.fhir": "0.5.21"
      }
    },
    "@zen-lang/hl7-fhir-uv-sdc": {
      "version": "0.5.26",
      "resolved": "https://registry.npmjs.org/@zen-lang/hl7-fhir-uv-sdc/-/hl7-fhir-uv-sdc-0.5.26.tgz",
      "integrity": "sha512-E+2gDWYxm5shvCKQ4x1HaL3EplaAi7sB/3fMe+yQu3sRDJT3ZdeSRlPzccV8Hab6JEEiCrMw16jkrCUyZ7o5YA==",
      "requires": {
        "@zen-lang/hl7-fhir-r4-core": "0.5.26",
        "@zen-lang/zen.fhir": "0.5.21"
      }
    },
    "@zen-lang/zen.fhir": {
      "version": "0.5.21",
      "resolved": "https://registry.npmjs.org/@zen-lang/zen.fhir/-/zen.fhir-0.5.21.tgz",
      "integrity": "sha512-Rlym2K+mVgHFeK3NFY6Xcl21t7p3bS3eCYVrJpzMWlqBOh7mhZPg5kKpqiD1YZVcmjmtnMZ4N74af+KEgbAtoQ=="
    }
  }
}
